// !$*UTF8*$!
{
	archiveVersion = 1;
	classes = {
	};
	objectVersion = 46;
	objects = {

/* Begin PBXBuildFile section */
		D4384D1C17D387AE007544D8 /* UIKit.framework in Frameworks */ = {isa = PBXBuildFile; fileRef = D4384D1B17D387AE007544D8 /* UIKit.framework */; };
		D4384D1E17D387AE007544D8 /* Foundation.framework in Frameworks */ = {isa = PBXBuildFile; fileRef = D4384D1D17D387AE007544D8 /* Foundation.framework */; };
		D4384D2017D387AE007544D8 /* CoreGraphics.framework in Frameworks */ = {isa = PBXBuildFile; fileRef = D4384D1F17D387AE007544D8 /* CoreGraphics.framework */; };
		D4384D2617D387AE007544D8 /* InfoPlist.strings in Resources */ = {isa = PBXBuildFile; fileRef = D4384D2417D387AE007544D8 /* InfoPlist.strings */; };
		D4384D2817D387AE007544D8 /* main.m in Sources */ = {isa = PBXBuildFile; fileRef = D4384D2717D387AE007544D8 /* main.m */; };
		D4384D2C17D387AE007544D8 /* AppDelegate.m in Sources */ = {isa = PBXBuildFile; fileRef = D4384D2B17D387AE007544D8 /* AppDelegate.m */; };
		D4384D2E17D387AE007544D8 /* Default.png in Resources */ = {isa = PBXBuildFile; fileRef = D4384D2D17D387AE007544D8 /* Default.png */; };
		D4384D3017D387AE007544D8 /* Default@2x.png in Resources */ = {isa = PBXBuildFile; fileRef = D4384D2F17D387AE007544D8 /* Default@2x.png */; };
		D4384D3217D387AE007544D8 /* Default-568h@2x.png in Resources */ = {isa = PBXBuildFile; fileRef = D4384D3117D387AE007544D8 /* Default-568h@2x.png */; };
		D4384D3517D387AE007544D8 /* MainStoryboard.storyboard in Resources */ = {isa = PBXBuildFile; fileRef = D4384D3317D387AE007544D8 /* MainStoryboard.storyboard */; };
		D4384D3817D387AE007544D8 /* HomePageViewController.m in Sources */ = {isa = PBXBuildFile; fileRef = D4384D3717D387AE007544D8 /* HomePageViewController.m */; };
		D4384D4017D3928A007544D8 /* Player.m in Sources */ = {isa = PBXBuildFile; fileRef = D4384D3F17D3928A007544D8 /* Player.m */; };
		D4384D4317D392A0007544D8 /* Team.m in Sources */ = {isa = PBXBuildFile; fileRef = D4384D4217D392A0007544D8 /* Team.m */; };
		D4384D4617D395FF007544D8 /* TeamViewController.m in Sources */ = {isa = PBXBuildFile; fileRef = D4384D4517D395FF007544D8 /* TeamViewController.m */; };
		D4384D4C17D616F6007544D8 /* PlayersViewController.m in Sources */ = {isa = PBXBuildFile; fileRef = D4384D4B17D616F6007544D8 /* PlayersViewController.m */; };
		D4684683181FF2AA00513C65 /* MatchPlayerInfo.m in Sources */ = {isa = PBXBuildFile; fileRef = D4684682181FF2AA00513C65 /* MatchPlayerInfo.m */; };
		D484C35917FDADD10097BDF2 /* MySingleton.m in Sources */ = {isa = PBXBuildFile; fileRef = D484C35817FDADD10097BDF2 /* MySingleton.m */; };
		D484C35C17FDC3390097BDF2 /* PlayerProfileViewController.m in Sources */ = {isa = PBXBuildFile; fileRef = D484C35B17FDC3390097BDF2 /* PlayerProfileViewController.m */; };
		D48C202218082A360040BCE0 /* ModifyTeamViewController.m in Sources */ = {isa = PBXBuildFile; fileRef = D48C202118082A360040BCE0 /* ModifyTeamViewController.m */; };
		D48DE93F1836954500CD987F /* FinishedMatchSheetViewController.m in Sources */ = {isa = PBXBuildFile; fileRef = D48DE93E1836954500CD987F /* FinishedMatchSheetViewController.m */; };
		D49D5C9C181A5F5D00FE4F9D /* MatchSheetViewController.m in Sources */ = {isa = PBXBuildFile; fileRef = D49D5C9B181A5F5D00FE4F9D /* MatchSheetViewController.m */; };
		D4A0238F18059CD90069D8F0 /* MatchBoardViewController.m in Sources */ = {isa = PBXBuildFile; fileRef = D4A0238E18059CD90069D8F0 /* MatchBoardViewController.m */; };
		D4A023931805A7390069D8F0 /* Match.m in Sources */ = {isa = PBXBuildFile; fileRef = D4A023921805A7390069D8F0 /* Match.m */; };
		D4A023961805B0980069D8F0 /* Goal.m in Sources */ = {isa = PBXBuildFile; fileRef = D4A023951805B0980069D8F0 /* Goal.m */; };
		D4F41A84182CF87500818A0F /* MatchListViewController.m in Sources */ = {isa = PBXBuildFile; fileRef = D4F41A83182CF87500818A0F /* MatchListViewController.m */; };
		D4F41A87182D47C600818A0F /* PlayerListViewController.m in Sources */ = {isa = PBXBuildFile; fileRef = D4F41A86182D47C600818A0F /* PlayerListViewController.m */; };
		D4F41A8A182EAEA100818A0F /* PlayerInfoViewController.m in Sources */ = {isa = PBXBuildFile; fileRef = D4F41A89182EAEA100818A0F /* PlayerInfoViewController.m */; };
		D4FB2D7617F59E59002832AE /* SelectionViewController.m in Sources */ = {isa = PBXBuildFile; fileRef = D4FB2D7517F59E59002832AE /* SelectionViewController.m */; };
		D4FB2D7C17F9A68A002832AE /* CreatePlayerViewController.m in Sources */ = {isa = PBXBuildFile; fileRef = D4FB2D7B17F9A68A002832AE /* CreatePlayerViewController.m */; };
/* End PBXBuildFile section */

/* Begin PBXFileReference section */
		D4384D1817D387AE007544D8 /* ScoreBoard.app */ = {isa = PBXFileReference; explicitFileType = wrapper.application; includeInIndex = 0; path = ScoreBoard.app; sourceTree = BUILT_PRODUCTS_DIR; };
		D4384D1B17D387AE007544D8 /* UIKit.framework */ = {isa = PBXFileReference; lastKnownFileType = wrapper.framework; name = UIKit.framework; path = System/Library/Frameworks/UIKit.framework; sourceTree = SDKROOT; };
		D4384D1D17D387AE007544D8 /* Foundation.framework */ = {isa = PBXFileReference; lastKnownFileType = wrapper.framework; name = Foundation.framework; path = System/Library/Frameworks/Foundation.framework; sourceTree = SDKROOT; };
		D4384D1F17D387AE007544D8 /* CoreGraphics.framework */ = {isa = PBXFileReference; lastKnownFileType = wrapper.framework; name = CoreGraphics.framework; path = System/Library/Frameworks/CoreGraphics.framework; sourceTree = SDKROOT; };
		D4384D2317D387AE007544D8 /* ScoreBoard-Info.plist */ = {isa = PBXFileReference; lastKnownFileType = text.plist.xml; path = "ScoreBoard-Info.plist"; sourceTree = "<group>"; };
		D4384D2517D387AE007544D8 /* en */ = {isa = PBXFileReference; lastKnownFileType = text.plist.strings; name = en; path = en.lproj/InfoPlist.strings; sourceTree = "<group>"; };
		D4384D2717D387AE007544D8 /* main.m */ = {isa = PBXFileReference; lastKnownFileType = sourcecode.c.objc; path = main.m; sourceTree = "<group>"; };
		D4384D2917D387AE007544D8 /* ScoreBoard-Prefix.pch */ = {isa = PBXFileReference; lastKnownFileType = sourcecode.c.h; path = "ScoreBoard-Prefix.pch"; sourceTree = "<group>"; };
		D4384D2A17D387AE007544D8 /* AppDelegate.h */ = {isa = PBXFileReference; lastKnownFileType = sourcecode.c.h; path = AppDelegate.h; sourceTree = "<group>"; };
		D4384D2B17D387AE007544D8 /* AppDelegate.m */ = {isa = PBXFileReference; lastKnownFileType = sourcecode.c.objc; path = AppDelegate.m; sourceTree = "<group>"; };
		D4384D2D17D387AE007544D8 /* Default.png */ = {isa = PBXFileReference; lastKnownFileType = image.png; path = Default.png; sourceTree = "<group>"; };
		D4384D2F17D387AE007544D8 /* Default@2x.png */ = {isa = PBXFileReference; lastKnownFileType = image.png; path = "Default@2x.png"; sourceTree = "<group>"; };
		D4384D3117D387AE007544D8 /* Default-568h@2x.png */ = {isa = PBXFileReference; lastKnownFileType = image.png; path = "Default-568h@2x.png"; sourceTree = "<group>"; };
		D4384D3417D387AE007544D8 /* en */ = {isa = PBXFileReference; lastKnownFileType = file.storyboard; name = en; path = en.lproj/MainStoryboard.storyboard; sourceTree = "<group>"; };
		D4384D3617D387AE007544D8 /* HomePageViewController.h */ = {isa = PBXFileReference; lastKnownFileType = sourcecode.c.h; path = HomePageViewController.h; sourceTree = "<group>"; };
		D4384D3717D387AE007544D8 /* HomePageViewController.m */ = {isa = PBXFileReference; lastKnownFileType = sourcecode.c.objc; path = HomePageViewController.m; sourceTree = "<group>"; };
		D4384D3E17D3928A007544D8 /* Player.h */ = {isa = PBXFileReference; fileEncoding = 4; lastKnownFileType = sourcecode.c.h; path = Player.h; sourceTree = "<group>"; };
		D4384D3F17D3928A007544D8 /* Player.m */ = {isa = PBXFileReference; fileEncoding = 4; lastKnownFileType = sourcecode.c.objc; path = Player.m; sourceTree = "<group>"; };
		D4384D4117D392A0007544D8 /* Team.h */ = {isa = PBXFileReference; fileEncoding = 4; lastKnownFileType = sourcecode.c.h; path = Team.h; sourceTree = "<group>"; };
		D4384D4217D392A0007544D8 /* Team.m */ = {isa = PBXFileReference; fileEncoding = 4; lastKnownFileType = sourcecode.c.objc; path = Team.m; sourceTree = "<group>"; };
		D4384D4417D395FF007544D8 /* TeamViewController.h */ = {isa = PBXFileReference; fileEncoding = 4; lastKnownFileType = sourcecode.c.h; path = TeamViewController.h; sourceTree = "<group>"; };
		D4384D4517D395FF007544D8 /* TeamViewController.m */ = {isa = PBXFileReference; fileEncoding = 4; lastKnownFileType = sourcecode.c.objc; path = TeamViewController.m; sourceTree = "<group>"; };
		D4384D4A17D616F6007544D8 /* PlayersViewController.h */ = {isa = PBXFileReference; fileEncoding = 4; lastKnownFileType = sourcecode.c.h; path = PlayersViewController.h; sourceTree = "<group>"; };
		D4384D4B17D616F6007544D8 /* PlayersViewController.m */ = {isa = PBXFileReference; fileEncoding = 4; lastKnownFileType = sourcecode.c.objc; path = PlayersViewController.m; sourceTree = "<group>"; };
		D4684681181FF2AA00513C65 /* MatchPlayerInfo.h */ = {isa = PBXFileReference; fileEncoding = 4; lastKnownFileType = sourcecode.c.h; path = MatchPlayerInfo.h; sourceTree = "<group>"; };
		D4684682181FF2AA00513C65 /* MatchPlayerInfo.m */ = {isa = PBXFileReference; fileEncoding = 4; lastKnownFileType = sourcecode.c.objc; path = MatchPlayerInfo.m; sourceTree = "<group>"; };
		D484C35717FDADD10097BDF2 /* MySingleton.h */ = {isa = PBXFileReference; fileEncoding = 4; lastKnownFileType = sourcecode.c.h; path = MySingleton.h; sourceTree = "<group>"; };
		D484C35817FDADD10097BDF2 /* MySingleton.m */ = {isa = PBXFileReference; fileEncoding = 4; lastKnownFileType = sourcecode.c.objc; path = MySingleton.m; sourceTree = "<group>"; };
		D484C35A17FDC3390097BDF2 /* PlayerProfileViewController.h */ = {isa = PBXFileReference; fileEncoding = 4; lastKnownFileType = sourcecode.c.h; path = PlayerProfileViewController.h; sourceTree = "<group>"; };
		D484C35B17FDC3390097BDF2 /* PlayerProfileViewController.m */ = {isa = PBXFileReference; fileEncoding = 4; lastKnownFileType = sourcecode.c.objc; path = PlayerProfileViewController.m; sourceTree = "<group>"; };
		D48C202018082A360040BCE0 /* ModifyTeamViewController.h */ = {isa = PBXFileReference; fileEncoding = 4; lastKnownFileType = sourcecode.c.h; path = ModifyTeamViewController.h; sourceTree = "<group>"; };
		D48C202118082A360040BCE0 /* ModifyTeamViewController.m */ = {isa = PBXFileReference; fileEncoding = 4; lastKnownFileType = sourcecode.c.objc; path = ModifyTeamViewController.m; sourceTree = "<group>"; };
		D48DE93D1836954500CD987F /* FinishedMatchSheetViewController.h */ = {isa = PBXFileReference; fileEncoding = 4; lastKnownFileType = sourcecode.c.h; path = FinishedMatchSheetViewController.h; sourceTree = "<group>"; };
		D48DE93E1836954500CD987F /* FinishedMatchSheetViewController.m */ = {isa = PBXFileReference; fileEncoding = 4; lastKnownFileType = sourcecode.c.objc; path = FinishedMatchSheetViewController.m; sourceTree = "<group>"; };
		D49D5C9A181A5F5D00FE4F9D /* MatchSheetViewController.h */ = {isa = PBXFileReference; fileEncoding = 4; lastKnownFileType = sourcecode.c.h; path = MatchSheetViewController.h; sourceTree = "<group>"; };
		D49D5C9B181A5F5D00FE4F9D /* MatchSheetViewController.m */ = {isa = PBXFileReference; fileEncoding = 4; lastKnownFileType = sourcecode.c.objc; path = MatchSheetViewController.m; sourceTree = "<group>"; };
		D4A0238D18059CD90069D8F0 /* MatchBoardViewController.h */ = {isa = PBXFileReference; fileEncoding = 4; lastKnownFileType = sourcecode.c.h; path = MatchBoardViewController.h; sourceTree = "<group>"; };
		D4A0238E18059CD90069D8F0 /* MatchBoardViewController.m */ = {isa = PBXFileReference; fileEncoding = 4; lastKnownFileType = sourcecode.c.objc; path = MatchBoardViewController.m; sourceTree = "<group>"; };
		D4A023911805A7390069D8F0 /* Match.h */ = {isa = PBXFileReference; fileEncoding = 4; lastKnownFileType = sourcecode.c.h; path = Match.h; sourceTree = "<group>"; };
		D4A023921805A7390069D8F0 /* Match.m */ = {isa = PBXFileReference; fileEncoding = 4; lastKnownFileType = sourcecode.c.objc; path = Match.m; sourceTree = "<group>"; };
		D4A023941805B0980069D8F0 /* Goal.h */ = {isa = PBXFileReference; fileEncoding = 4; lastKnownFileType = sourcecode.c.h; path = Goal.h; sourceTree = "<group>"; };
		D4A023951805B0980069D8F0 /* Goal.m */ = {isa = PBXFileReference; fileEncoding = 4; lastKnownFileType = sourcecode.c.objc; path = Goal.m; sourceTree = "<group>"; };
		D4F41A82182CF87500818A0F /* MatchListViewController.h */ = {isa = PBXFileReference; fileEncoding = 4; lastKnownFileType = sourcecode.c.h; path = MatchListViewController.h; sourceTree = "<group>"; };
		D4F41A83182CF87500818A0F /* MatchListViewController.m */ = {isa = PBXFileReference; fileEncoding = 4; lastKnownFileType = sourcecode.c.objc; path = MatchListViewController.m; sourceTree = "<group>"; };
		D4F41A85182D47C600818A0F /* PlayerListViewController.h */ = {isa = PBXFileReference; fileEncoding = 4; lastKnownFileType = sourcecode.c.h; path = PlayerListViewController.h; sourceTree = "<group>"; };
		D4F41A86182D47C600818A0F /* PlayerListViewController.m */ = {isa = PBXFileReference; fileEncoding = 4; lastKnownFileType = sourcecode.c.objc; path = PlayerListViewController.m; sourceTree = "<group>"; };
		D4F41A88182EAEA100818A0F /* PlayerInfoViewController.h */ = {isa = PBXFileReference; fileEncoding = 4; lastKnownFileType = sourcecode.c.h; path = PlayerInfoViewController.h; sourceTree = "<group>"; };
		D4F41A89182EAEA100818A0F /* PlayerInfoViewController.m */ = {isa = PBXFileReference; fileEncoding = 4; lastKnownFileType = sourcecode.c.objc; path = PlayerInfoViewController.m; sourceTree = "<group>"; };
		D4FB2D7417F59E59002832AE /* SelectionViewController.h */ = {isa = PBXFileReference; fileEncoding = 4; lastKnownFileType = sourcecode.c.h; path = SelectionViewController.h; sourceTree = "<group>"; };
		D4FB2D7517F59E59002832AE /* SelectionViewController.m */ = {isa = PBXFileReference; fileEncoding = 4; lastKnownFileType = sourcecode.c.objc; path = SelectionViewController.m; sourceTree = "<group>"; };
		D4FB2D7A17F9A68A002832AE /* CreatePlayerViewController.h */ = {isa = PBXFileReference; fileEncoding = 4; lastKnownFileType = sourcecode.c.h; path = CreatePlayerViewController.h; sourceTree = "<group>"; };
		D4FB2D7B17F9A68A002832AE /* CreatePlayerViewController.m */ = {isa = PBXFileReference; fileEncoding = 4; lastKnownFileType = sourcecode.c.objc; path = CreatePlayerViewController.m; sourceTree = "<group>"; };
/* End PBXFileReference section */

/* Begin PBXFrameworksBuildPhase section */
		D4384D1517D387AE007544D8 /* Frameworks */ = {
			isa = PBXFrameworksBuildPhase;
			buildActionMask = 2147483647;
			files = (
				D4384D1C17D387AE007544D8 /* UIKit.framework in Frameworks */,
				D4384D1E17D387AE007544D8 /* Foundation.framework in Frameworks */,
				D4384D2017D387AE007544D8 /* CoreGraphics.framework in Frameworks */,
			);
			runOnlyForDeploymentPostprocessing = 0;
		};
/* End PBXFrameworksBuildPhase section */

/* Begin PBXGroup section */
		D41E1FC9182C65A00099E164 /* Data */ = {
			isa = PBXGroup;
			children = (
				D4F41A82182CF87500818A0F /* MatchListViewController.h */,
				D4F41A83182CF87500818A0F /* MatchListViewController.m */,
				D4F41A85182D47C600818A0F /* PlayerListViewController.h */,
				D4F41A86182D47C600818A0F /* PlayerListViewController.m */,
				D4F41A88182EAEA100818A0F /* PlayerInfoViewController.h */,
				D4F41A89182EAEA100818A0F /* PlayerInfoViewController.m */,
				D48DE93D1836954500CD987F /* FinishedMatchSheetViewController.h */,
				D48DE93E1836954500CD987F /* FinishedMatchSheetViewController.m */,
			);
			name = Data;
			sourceTree = "<group>";
		};
		D4384D0F17D387AE007544D8 = {
			isa = PBXGroup;
			children = (
				D4384D2117D387AE007544D8 /* ScoreBoard */,
				D4384D1A17D387AE007544D8 /* Frameworks */,
				D4384D1917D387AE007544D8 /* Products */,
			);
			sourceTree = "<group>";
		};
		D4384D1917D387AE007544D8 /* Products */ = {
			isa = PBXGroup;
			children = (
				D4384D1817D387AE007544D8 /* ScoreBoard.app */,
			);
			name = Products;
			sourceTree = "<group>";
		};
		D4384D1A17D387AE007544D8 /* Frameworks */ = {
			isa = PBXGroup;
			children = (
				D4384D1B17D387AE007544D8 /* UIKit.framework */,
				D4384D1D17D387AE007544D8 /* Foundation.framework */,
				D4384D1F17D387AE007544D8 /* CoreGraphics.framework */,
			);
			name = Frameworks;
			sourceTree = "<group>";
		};
		D4384D2117D387AE007544D8 /* ScoreBoard */ = {
			isa = PBXGroup;
			children = (
				D4384D2A17D387AE007544D8 /* AppDelegate.h */,
				D4384D2B17D387AE007544D8 /* AppDelegate.m */,
				D4384D3617D387AE007544D8 /* HomePageViewController.h */,
				D4384D3717D387AE007544D8 /* HomePageViewController.m */,
				D4384D3317D387AE007544D8 /* MainStoryboard.storyboard */,
				D4A023901805A31F0069D8F0 /* Match */,
				D41E1FC9182C65A00099E164 /* Data */,
				D4A023941805B0980069D8F0 /* Goal.h */,
				D4A023951805B0980069D8F0 /* Goal.m */,
				D4A023911805A7390069D8F0 /* Match.h */,
				D4A023921805A7390069D8F0 /* Match.m */,
				D4684681181FF2AA00513C65 /* MatchPlayerInfo.h */,
				D4684682181FF2AA00513C65 /* MatchPlayerInfo.m */,
				D484C35717FDADD10097BDF2 /* MySingleton.h */,
				D484C35817FDADD10097BDF2 /* MySingleton.m */,
				D4384D3E17D3928A007544D8 /* Player.h */,
				D4384D3F17D3928A007544D8 /* Player.m */,
				D4384D4117D392A0007544D8 /* Team.h */,
				D4384D4217D392A0007544D8 /* Team.m */,
				D4384D2217D387AE007544D8 /* Supporting Files */,
			);
			path = ScoreBoard;
			sourceTree = "<group>";
		};
		D4384D2217D387AE007544D8 /* Supporting Files */ = {
			isa = PBXGroup;
			children = (
				D4384D2317D387AE007544D8 /* ScoreBoard-Info.plist */,
				D4384D2417D387AE007544D8 /* InfoPlist.strings */,
				D4384D2717D387AE007544D8 /* main.m */,
				D4384D2917D387AE007544D8 /* ScoreBoard-Prefix.pch */,
				D4384D2D17D387AE007544D8 /* Default.png */,
				D4384D2F17D387AE007544D8 /* Default@2x.png */,
				D4384D3117D387AE007544D8 /* Default-568h@2x.png */,
			);
			name = "Supporting Files";
			sourceTree = "<group>";
		};
		D4A023901805A31F0069D8F0 /* Match */ = {
			isa = PBXGroup;
			children = (
				D4FB2D7A17F9A68A002832AE /* CreatePlayerViewController.h */,
				D4FB2D7B17F9A68A002832AE /* CreatePlayerViewController.m */,
				D4A0238D18059CD90069D8F0 /* MatchBoardViewController.h */,
				D4A0238E18059CD90069D8F0 /* MatchBoardViewController.m */,
				D49D5C9A181A5F5D00FE4F9D /* MatchSheetViewController.h */,
				D49D5C9B181A5F5D00FE4F9D /* MatchSheetViewController.m */,
				D48C202018082A360040BCE0 /* ModifyTeamViewController.h */,
				D48C202118082A360040BCE0 /* ModifyTeamViewController.m */,
				D484C35A17FDC3390097BDF2 /* PlayerProfileViewController.h */,
				D484C35B17FDC3390097BDF2 /* PlayerProfileViewController.m */,
				D4384D4A17D616F6007544D8 /* PlayersViewController.h */,
				D4384D4B17D616F6007544D8 /* PlayersViewController.m */,
				D4FB2D7417F59E59002832AE /* SelectionViewController.h */,
				D4FB2D7517F59E59002832AE /* SelectionViewController.m */,
				D4384D4417D395FF007544D8 /* TeamViewController.h */,
				D4384D4517D395FF007544D8 /* TeamViewController.m */,
			);
			name = Match;
			sourceTree = "<group>";
		};
/* End PBXGroup section */

/* Begin PBXNativeTarget section */
		D4384D1717D387AE007544D8 /* ScoreBoard */ = {
			isa = PBXNativeTarget;
			buildConfigurationList = D4384D3B17D387AE007544D8 /* Build configuration list for PBXNativeTarget "ScoreBoard" */;
			buildPhases = (
				D4384D1417D387AE007544D8 /* Sources */,
				D4384D1517D387AE007544D8 /* Frameworks */,
				D4384D1617D387AE007544D8 /* Resources */,
			);
			buildRules = (
			);
			dependencies = (
			);
			name = ScoreBoard;
			productName = ScoreBoard;
			productReference = D4384D1817D387AE007544D8 /* ScoreBoard.app */;
			productType = "com.apple.product-type.application";
		};
/* End PBXNativeTarget section */

/* Begin PBXProject section */
		D4384D1017D387AE007544D8 /* Project object */ = {
			isa = PBXProject;
			attributes = {
				LastUpgradeCheck = 0460;
				ORGANIZATIONNAME = "Julien Chene";
			};
			buildConfigurationList = D4384D1317D387AE007544D8 /* Build configuration list for PBXProject "ScoreBoard" */;
			compatibilityVersion = "Xcode 3.2";
			developmentRegion = English;
			hasScannedForEncodings = 0;
			knownRegions = (
				en,
			);
			mainGroup = D4384D0F17D387AE007544D8;
			productRefGroup = D4384D1917D387AE007544D8 /* Products */;
			projectDirPath = "";
			projectRoot = "";
			targets = (
				D4384D1717D387AE007544D8 /* ScoreBoard */,
			);
		};
/* End PBXProject section */

/* Begin PBXResourcesBuildPhase section */
		D4384D1617D387AE007544D8 /* Resources */ = {
			isa = PBXResourcesBuildPhase;
			buildActionMask = 2147483647;
			files = (
				D4384D2617D387AE007544D8 /* InfoPlist.strings in Resources */,
				D4384D2E17D387AE007544D8 /* Default.png in Resources */,
				D4384D3017D387AE007544D8 /* Default@2x.png in Resources */,
				D4384D3217D387AE007544D8 /* Default-568h@2x.png in Resources */,
				D4384D3517D387AE007544D8 /* MainStoryboard.storyboard in Resources */,
			);
			runOnlyForDeploymentPostprocessing = 0;
		};
/* End PBXResourcesBuildPhase section */

/* Begin PBXSourcesBuildPhase section */
		D4384D1417D387AE007544D8 /* Sources */ = {
			isa = PBXSourcesBuildPhase;
			buildActionMask = 2147483647;
			files = (
				D4384D2817D387AE007544D8 /* main.m in Sources */,
				D4F41A8A182EAEA100818A0F /* PlayerInfoViewController.m in Sources */,
				D4A023931805A7390069D8F0 /* Match.m in Sources */,
				D484C35C17FDC3390097BDF2 /* PlayerProfileViewController.m in Sources */,
				D484C35917FDADD10097BDF2 /* MySingleton.m in Sources */,
				D4F41A84182CF87500818A0F /* MatchListViewController.m in Sources */,
				D4384D2C17D387AE007544D8 /* AppDelegate.m in Sources */,
				D4384D3817D387AE007544D8 /* HomePageViewController.m in Sources */,
				D4F41A87182D47C600818A0F /* PlayerListViewController.m in Sources */,
				D48DE93F1836954500CD987F /* FinishedMatchSheetViewController.m in Sources */,
				D4384D4017D3928A007544D8 /* Player.m in Sources */,
				D4A0238F18059CD90069D8F0 /* MatchBoardViewController.m in Sources */,
				D4684683181FF2AA00513C65 /* MatchPlayerInfo.m in Sources */,
				D48C202218082A360040BCE0 /* ModifyTeamViewController.m in Sources */,
				D4A023961805B0980069D8F0 /* Goal.m in Sources */,
				D4384D4317D392A0007544D8 /* Team.m in Sources */,
				D4384D4617D395FF007544D8 /* TeamViewController.m in Sources */,
				D4384D4C17D616F6007544D8 /* PlayersViewController.m in Sources */,
				D4FB2D7617F59E59002832AE /* SelectionViewController.m in Sources */,
				D49D5C9C181A5F5D00FE4F9D /* MatchSheetViewController.m in Sources */,
				D4FB2D7C17F9A68A002832AE /* CreatePlayerViewController.m in Sources */,
			);
			runOnlyForDeploymentPostprocessing = 0;
		};
/* End PBXSourcesBuildPhase section */

/* Begin PBXVariantGroup section */
		D4384D2417D387AE007544D8 /* InfoPlist.strings */ = {
			isa = PBXVariantGroup;
			children = (
				D4384D2517D387AE007544D8 /* en */,
			);
			name = InfoPlist.strings;
			sourceTree = "<group>";
		};
		D4384D3317D387AE007544D8 /* MainStoryboard.storyboard */ = {
			isa = PBXVariantGroup;
			children = (
				D4384D3417D387AE007544D8 /* en */,
			);
			name = MainStoryboard.storyboard;
			sourceTree = "<group>";
		};
/* End PBXVariantGroup section */

/* Begin XCBuildConfiguration section */
		D4384D3917D387AE007544D8 /* Debug */ = {
			isa = XCBuildConfiguration;
			buildSettings = {
				ALWAYS_SEARCH_USER_PATHS = NO;
				CLANG_CXX_LANGUAGE_STANDARD = "gnu++0x";
				CLANG_CXX_LIBRARY = "libc++";
				CLANG_WARN_CONSTANT_CONVERSION = YES;
				CLANG_WARN_EMPTY_BODY = YES;
				CLANG_WARN_ENUM_CONVERSION = YES;
				CLANG_WARN_INT_CONVERSION = YES;
				CLANG_WARN__DUPLICATE_METHOD_MATCH = YES;
				"CODE_SIGN_IDENTITY[sdk=iphoneos*]" = "iPhone Developer";
				COPY_PHASE_STRIP = NO;
				GCC_C_LANGUAGE_STANDARD = gnu99;
				GCC_DYNAMIC_NO_PIC = NO;
				GCC_OPTIMIZATION_LEVEL = 0;
				GCC_PREPROCESSOR_DEFINITIONS = (
					"DEBUG=1",
					"$(inherited)",
				);
				GCC_SYMBOLS_PRIVATE_EXTERN = NO;
				GCC_WARN_ABOUT_RETURN_TYPE = YES;
				GCC_WARN_UNINITIALIZED_AUTOS = YES;
				GCC_WARN_UNUSED_VARIABLE = YES;
				IPHONEOS_DEPLOYMENT_TARGET = 6.1;
				ONLY_ACTIVE_ARCH = YES;
				SDKROOT = iphoneos;
			};
			name = Debug;
		};
		D4384D3A17D387AE007544D8 /* Release */ = {
			isa = XCBuildConfiguration;
			buildSettings = {
				ALWAYS_SEARCH_USER_PATHS = NO;
				CLANG_CXX_LANGUAGE_STANDARD = "gnu++0x";
				CLANG_CXX_LIBRARY = "libc++";
				CLANG_WARN_CONSTANT_CONVERSION = YES;
				CLANG_WARN_EMPTY_BODY = YES;
				CLANG_WARN_ENUM_CONVERSION = YES;
				CLANG_WARN_INT_CONVERSION = YES;
				CLANG_WARN__DUPLICATE_METHOD_MATCH = YES;
				"CODE_SIGN_IDENTITY[sdk=iphoneos*]" = "iPhone Developer";
				COPY_PHASE_STRIP = YES;
				GCC_C_LANGUAGE_STANDARD = gnu99;
				GCC_WARN_ABOUT_RETURN_TYPE = YES;
				GCC_WARN_UNINITIALIZED_AUTOS = YES;
				GCC_WARN_UNUSED_VARIABLE = YES;
				IPHONEOS_DEPLOYMENT_TARGET = 6.1;
				OTHER_CFLAGS = "-DNS_BLOCK_ASSERTIONS=1";
				SDKROOT = iphoneos;
				VALIDATE_PRODUCT = YES;
			};
			name = Release;
		};
		D4384D3C17D387AE007544D8 /* Debug */ = {
			isa = XCBuildConfiguration;
			buildSettings = {
				CODE_SIGN_IDENTITY = "iPhone Developer";
				GCC_PRECOMPILE_PREFIX_HEADER = YES;
				GCC_PREFIX_HEADER = "ScoreBoard/ScoreBoard-Prefix.pch";
				INFOPLIST_FILE = "ScoreBoard/ScoreBoard-Info.plist";
				PRODUCT_NAME = "$(TARGET_NAME)";
				WRAPPER_EXTENSION = app;
			};
			name = Debug;
		};
		D4384D3D17D387AE007544D8 /* Release */ = {
			isa = XCBuildConfiguration;
			buildSettings = {
				CODE_SIGN_IDENTITY = "iPhone Developer";
				GCC_PRECOMPILE_PREFIX_HEADER = YES;
				GCC_PREFIX_HEADER = "ScoreBoard/ScoreBoard-Prefix.pch";
				INFOPLIST_FILE = "ScoreBoard/ScoreBoard-Info.plist";
				PRODUCT_NAME = "$(TARGET_NAME)";
				WRAPPER_EXTENSION = app;
			};
			name = Release;
		};
/* End XCBuildConfiguration section */

/* Begin XCConfigurationList section */
		D4384D1317D387AE007544D8 /* Build configuration list for PBXProject "ScoreBoard" */ = {
			isa = XCConfigurationList;
			buildConfigurations = (
				D4384D3917D387AE007544D8 /* Debug */,
				D4384D3A17D387AE007544D8 /* Release */,
			);
			defaultConfigurationIsVisible = 0;
			defaultConfigurationName = Release;
		};
		D4384D3B17D387AE007544D8 /* Build configuration list for PBXNativeTarget "ScoreBoard" */ = {
			isa = XCConfigurationList;
			buildConfigurations = (
				D4384D3C17D387AE007544D8 /* Debug */,
				D4384D3D17D387AE007544D8 /* Release */,
			);
			defaultConfigurationIsVisible = 0;
			defaultConfigurationName = Release;
		};
/* End XCConfigurationList section */
	};
	rootObject = D4384D1017D387AE007544D8 /* Project object */;
}
